name: Runtime Version Lock

on:
  push:
    branches:
      - main
  pull_request:
    branches:
      - main
  workflow_dispatch:

permissions:
  contents: read

jobs:
  version-lock:
    name: Guard critical runtime versions
    runs-on: ubuntu-latest
    env:
      FORCE_JAVASCRIPT_ACTIONS_TO_NODE24: 'true'
    timeout-minutes: 5
    steps:
      - name: Checkout
        uses: actions/checkout@v4

      - name: Setup Node
        uses: actions/setup-node@v4
        with:
          node-version: '22'

      - name: Check runtime version locks
        run: node scripts/check-runtime-version-lock.mjs
